
Microsoft Visual Studio Solution File, Format Version 12.00
# Visual Studio Version 16
VisualStudioVersion = 16.0.29519.181
MinimumVisualStudioVersion = 10.0.40219.1
Project("{FAE04EC0-301F-11D3-BF4B-00C04F79EFBC}") = "Pex", "Pex\Pex.csproj", "{9F312B9D-E67A-4D29-A880-6F77EC3FC4F5}"
EndProject
Global
	GlobalSection(SolutionConfigurationPlatforms) = preSolution
		Debug|Any CPU = Debug|Any CPU
		Release|Any CPU = Release|Any CPU
	EndGlobalSection
	GlobalSection(ProjectConfigurationPlatforms) = postSolution
		{9F312B9D-E67A-4D29-A880-6F77EC3FC4F5}.Debug|Any CPU.ActiveCfg = Debug|Any CPU
		{9F312B9D-E67A-4D29-A880-6F77EC3FC4F5}.Debug|Any CPU.Build.0 = Debug|Any CPU
		{9F312B9D-E67A-4D29-A880-6F77EC3FC4F5}.Release|Any CPU.ActiveCfg = Release|Any CPU
		{9F312B9D-E67A-4D29-A880-6F77EC3FC4F5}.Release|Any CPU.Build.0 = Release|Any CPU
	EndGlobalSection
	GlobalSection(SolutionProperties) = preSolution
		HideSolutionNode = FALSE
	EndGlobalSection
	GlobalSection(ExtensibilityGlobals) = postSolution
		SolutionGuid = {A73589D6-4C73-4C35-AD2C-A0D9DEF91A9B}
	EndGlobalSection
EndGlobal
